# generated by rye
# use `rye lock` or `rye sync` to update this lockfile
#
# last locked with the following flags:
#   pre: false
#   features: []
#   all-features: false
#   with-sources: false

-e file:.
certifi==2024.2.2
    # via requests
charset-normalizer==3.3.2
    # via requests
cloudscraper==1.2.71
    # via pixivpy3
idna==3.7
    # via requests
pixivpy3==3.7.5
    # via pixiv-sql
pyparsing==3.1.2
    # via cloudscraper
python-dotenv==1.0.1
    # via pixiv-sql
requests==2.31.0
    # via cloudscraper
    # via pixivpy3
    # via requests-toolbelt
requests-toolbelt==1.0.0
    # via cloudscraper
    # via pixivpy3
typing-extensions==4.11.0
    # via pixivpy3
urllib3==2.2.1
    # via pixivpy3
    # via requests
